// !$*UTF8*$!
{
	archiveVersion = 1;
	classes = {
	};
	objectVersion = 46;
	objects = {

/* Begin PBXBuildFile section */
		D48357561BD0A5EF00B7B2FA /* main.m in Sources */ = {isa = PBXBuildFile; fileRef = D48357551BD0A5EF00B7B2FA /* main.m */; };
/* End PBXBuildFile section */

/* Begin PBXCopyFilesBuildPhase section */
		D48357501BD0A5EF00B7B2FA /* CopyFiles */ = {
			isa = PBXCopyFilesBuildPhase;
			buildActionMask = 2147483647;
			dstPath = /usr/share/man/man1/;
			dstSubfolderSpec = 0;
			files = (
			);
			runOnlyForDeploymentPostprocessing = 1;
		};
/* End PBXCopyFilesBuildPhase section */

/* Begin PBXFileReference section */
		D48357521BD0A5EF00B7B2FA /* 简单工厂模式 */ = {isa = PBXFileReference; explicitFileType = "compiled.mach-o.executable"; includeInIndex = 0; path = "简单工厂模式"; sourceTree = BUILT_PRODUCTS_DIR; };
		D48357551BD0A5EF00B7B2FA /* main.m */ = {isa = PBXFileReference; lastKnownFileType = sourcecode.c.objc; path = main.m; sourceTree = "<group>"; };
/* End PBXFileReference section */

/* Begin PBXFrameworksBuildPhase section */
		D483574F1BD0A5EF00B7B2FA /* Frameworks */ = {
			isa = PBXFrameworksBuildPhase;
			buildActionMask = 2147483647;
			files = (
			);
			runOnlyForDeploymentPostprocessing = 0;
		};
/* End PBXFrameworksBuildPhase section */

/* Begin PBXGroup section */
		D48357491BD0A5EF00B7B2FA = {
			isa = PBXGroup;
			children = (
				D48357541BD0A5EF00B7B2FA /* 简单工厂模式 */,
				D48357531BD0A5EF00B7B2FA /* Products */,
			);
			sourceTree = "<group>";
		};
		D48357531BD0A5EF00B7B2FA /* Products */ = {
			isa = PBXGroup;
			children = (
				D48357521BD0A5EF00B7B2FA /* 简单工厂模式 */,
			);
			name = Products;
			sourceTree = "<group>";
		};
		D48357541BD0A5EF00B7B2FA /* 简单工厂模式 */ = {
			isa = PBXGroup;
			children = (
				D48357551BD0A5EF00B7B2FA /* main.m */,
			);
			path = "简单工厂模式";
			sourceTree = "<group>";
		};
/* End PBXGroup section */

/* Begin PBXNativeTarget section */
		D48357511BD0A5EF00B7B2FA /* 简单工厂模式 */ = {
			isa = PBXNativeTarget;
			buildConfigurationList = D48357591BD0A5EF00B7B2FA /* Build configuration list for PBXNativeTarget "简单工厂模式" */;
			buildPhases = (
				D483574E1BD0A5EF00B7B2FA /* Sources */,
				D483574F1BD0A5EF00B7B2FA /* Frameworks */,
				D48357501BD0A5EF00B7B2FA /* CopyFiles */,
			);
			buildRules = (
			);
			dependencies = (
			);
			name = "简单工厂模式";
			productName = "简单工厂模式";
			productReference = D48357521BD0A5EF00B7B2FA /* 简单工厂模式 */;
			productType = "com.apple.product-type.tool";
		};
/* End PBXNativeTarget section */

/* Begin PBXProject section */
		D483574A1BD0A5EF00B7B2FA /* Project object */ = {
			isa = PBXProject;
			attributes = {
				LastUpgradeCheck = 0700;
				ORGANIZATIONNAME = zhangjianwei;
				TargetAttributes = {
					D48357511BD0A5EF00B7B2FA = {
						CreatedOnToolsVersion = 7.0;
					};
				};
			};
			buildConfigurationList = D483574D1BD0A5EF00B7B2FA /* Build configuration list for PBXProject "简单工厂模式" */;
			compatibilityVersion = "Xcode 3.2";
			developmentRegion = English;
			hasScannedForEncodings = 0;
			knownRegions = (
				en,
			);
			mainGroup = D48357491BD0A5EF00B7B2FA;
			productRefGroup = D48357531BD0A5EF00B7B2FA /* Products */;
			projectDirPath = "";
			projectRoot = "";
			targets = (
				D48357511BD0A5EF00B7B2FA /* 简单工厂模式 */,
			);
		};
/* End PBXProject section */

/* Begin PBXSourcesBuildPhase section */
		D483574E1BD0A5EF00B7B2FA /* Sources */ = {
			isa = PBXSourcesBuildPhase;
			buildActionMask = 2147483647;
			files = (
				D48357561BD0A5EF00B7B2FA /* main.m in Sources */,
			);
			runOnlyForDeploymentPostprocessing = 0;
		};
/* End PBXSourcesBuildPhase section */

/* Begin XCBuildConfiguration section */
		D48357571BD0A5EF00B7B2FA /* Debug */ = {
			isa = XCBuildConfiguration;
			buildSettings = {
				ALWAYS_SEARCH_USER_PATHS = NO;
				CLANG_CXX_LANGUAGE_STANDARD = "gnu++0x";
				CLANG_CXX_LIBRARY = "libc++";
				CLANG_ENABLE_MODULES = YES;
				CLANG_ENABLE_OBJC_ARC = YES;
				CLANG_WARN_BOOL_CONVERSION = YES;
				CLANG_WARN_CONSTANT_CONVERSION = YES;
				CLANG_WARN_DIRECT_OBJC_ISA_USAGE = YES_ERROR;
				CLANG_WARN_EMPTY_BODY = YES;
				CLANG_WARN_ENUM_CONVERSION = YES;
				CLANG_WARN_INT_CONVERSION = YES;
				CLANG_WARN_OBJC_ROOT_CLASS = YES_ERROR;
				CLANG_WARN_UNREACHABLE_CODE = YES;
				CLANG_WARN__DUPLICATE_METHOD_MATCH = YES;
				COPY_PHASE_STRIP = NO;
				DEBUG_INFORMATION_FORMAT = dwarf;
				ENABLE_STRICT_OBJC_MSGSEND = YES;
				ENABLE_TESTABILITY = YES;
				GCC_C_LANGUAGE_STANDARD = gnu99;
				GCC_DYNAMIC_NO_PIC = NO;
				GCC_NO_COMMON_BLOCKS = YES;
				GCC_OPTIMIZATION_LEVEL = 0;
				GCC_PREPROCESSOR_DEFINITIONS = (
					"DEBUG=1",
					"$(inherited)",
				);
				GCC_WARN_64_TO_32_BIT_CONVERSION = YES;
				GCC_WARN_ABOUT_RETURN_TYPE = YES_ERROR;
				GCC_WARN_UNDECLARED_SELECTOR = YES;
				GCC_WARN_UNINITIALIZED_AUTOS = YES_AGGRESSIVE;
				GCC_WARN_UNUSED_FUNCTION = YES;
				GCC_WARN_UNUSED_VARIABLE = YES;
				MACOSX_DEPLOYMENT_TARGET = 10.10;
				MTL_ENABLE_DEBUG_INFO = YES;
				ONLY_ACTIVE_ARCH = YES;
				SDKROOT = macosx;
			};
			name = Debug;
		};
		D48357581BD0A5EF00B7B2FA /* Release */ = {
			isa = XCBuildConfiguration;
			buildSettings = {
				ALWAYS_SEARCH_USER_PATHS = NO;
				CLANG_CXX_LANGUAGE_STANDARD = "gnu++0x";
				CLANG_CXX_LIBRARY = "libc++";
				CLANG_ENABLE_MODULES = YES;
				CLANG_ENABLE_OBJC_ARC = YES;
				CLANG_WARN_BOOL_CONVERSION = YES;
				CLANG_WARN_CONSTANT_CONVERSION = YES;
				CLANG_WARN_DIRECT_OBJC_ISA_USAGE = YES_ERROR;
				CLANG_WARN_EMPTY_BODY = YES;
				CLANG_WARN_ENUM_CONVERSION = YES;
				CLANG_WARN_INT_CONVERSION = YES;
				CLANG_WARN_OBJC_ROOT_CLASS = YES_ERROR;
				CLANG_WARN_UNREACHABLE_CODE = YES;
				CLANG_WARN__DUPLICATE_METHOD_MATCH = YES;
				COPY_PHASE_STRIP = NO;
				DEBUG_INFORMATION_FORMAT = "dwarf-with-dsym";
				ENABLE_NS_ASSERTIONS = NO;
				ENABLE_STRICT_OBJC_MSGSEND = YES;
				GCC_C_LANGUAGE_STANDARD = gnu99;
				GCC_NO_COMMON_BLOCKS = YES;
				GCC_WARN_64_TO_32_BIT_CONVERSION = YES;
				GCC_WARN_ABOUT_RETURN_TYPE = YES_ERROR;
				GCC_WARN_UNDECLARED_SELECTOR = YES;
				GCC_WARN_UNINITIALIZED_AUTOS = YES_AGGRESSIVE;
				GCC_WARN_UNUSED_FUNCTION = YES;
				GCC_WARN_UNUSED_VARIABLE = YES;
				MACOSX_DEPLOYMENT_TARGET = 10.10;
				MTL_ENABLE_DEBUG_INFO = NO;
				SDKROOT = macosx;
			};
			name = Release;
		};
		D483575A1BD0A5EF00B7B2FA /* Debug */ = {
			isa = XCBuildConfiguration;
			buildSettings = {
				PRODUCT_NAME = "$(TARGET_NAME)";
			};
			name = Debug;
		};
		D483575B1BD0A5EF00B7B2FA /* Release */ = {
			isa = XCBuildConfiguration;
			buildSettings = {
				PRODUCT_NAME = "$(TARGET_NAME)";
			};
			name = Release;
		};
/* End XCBuildConfiguration section */

/* Begin XCConfigurationList section */
		D483574D1BD0A5EF00B7B2FA /* Build configuration list for PBXProject "简单工厂模式" */ = {
			isa = XCConfigurationList;
			buildConfigurations = (
				D48357571BD0A5EF00B7B2FA /* Debug */,
				D48357581BD0A5EF00B7B2FA /* Release */,
			);
			defaultConfigurationIsVisible = 0;
			defaultConfigurationName = Release;
		};
		D48357591BD0A5EF00B7B2FA /* Build configuration list for PBXNativeTarget "简单工厂模式" */ = {
			isa = XCConfigurationList;
			buildConfigurations = (
				D483575A1BD0A5EF00B7B2FA /* Debug */,
				D483575B1BD0A5EF00B7B2FA /* Release */,
			);
			defaultConfigurationIsVisible = 0;
		};
/* End XCConfigurationList section */
	};
	rootObject = D483574A1BD0A5EF00B7B2FA /* Project object */;
}
